# This file is autogenerated, do not edit; changes may be undone by the next 'dep ensure'.


[[projects]]
  branch = "master"
  digest = "1:78102ee4d536347316bc42e818340cc50902e45dbd7fdd524c5a1fc0cb07b588"
  name = "github.com/globalsign/mgo"
  packages = [
    ".",
    "bson",
    "internal/json",
    "internal/sasl",
    "internal/scram",
  ]
  pruneopts = "UT"
  revision = "eeefdecb41b842af6dc652aaea4026e8403e62df"

[[projects]]
  digest = "1:2061af1f409ad09271fe4c1a41e4c91262ec51f7593f3a6272b5afd27edafb19"
  name = "github.com/goccy/go-json"
  packages = [
    ".",
    "internal/decoder",
    "internal/encoder",
    "internal/encoder/vm",
    "internal/encoder/vm_color",
    "internal/encoder/vm_color_indent",
    "internal/encoder/vm_indent",
    "internal/errors",
    "internal/runtime",
  ]
  pruneopts = "UT"
  revision = "a89c9e30df2502328afc391b8b17931c706babad"
  version = "v0.7.10"

[[projects]]
  digest = "1:84a35669b4b31cc20ffc89c3b2ab32f2189fb2366a973efa1c25e009ef6ae1c6"
  name = "github.com/julienschmidt/httprouter"
  packages = ["."]
  pruneopts = "UT"
  revision = "4eec211fa4e8df74ed978dc5681612131854144f"
  version = "v1.3.0"

[[projects]]
  digest = "1:9f1c882c2616397e169af6f56c15307eeb35d77160a73579e00240ffd2df30b5"
  name = "github.com/lestrrat-go/backoff"
  packages = ["v2"]
  pruneopts = "UT"
  revision = "6455ad9fc1486395c52c417d5f80721d15f466fe"
  version = "v2.0.5"

[[projects]]
  digest = "1:bfb90157acf6fe4f7e441790c9ed037eb140b3c0b6e7154f1fa4228fa9592fbd"
  name = "github.com/lestrrat-go/httpcc"
  packages = ["."]
  pruneopts = "UT"
  revision = "e7e8fea419e32f7549252ad15ecf17f3a3c1a268"
  version = "v1.0.0"

[[projects]]
  digest = "1:41dce35eecd613f0309aed50c75043b7c87130c42c10e26e2619b4329fca46d7"
  name = "github.com/lestrrat-go/iter"
  packages = [
    "arrayiter",
    "mapiter",
  ]
  pruneopts = "UT"
  revision = "628869e97ee3dcc09033086e547a5cab96b0d708"
  version = "v1.0.1"

[[projects]]
  digest = "1:b90adf8c33d2ba291c2564a7f9d062721a23f5923cf3e41e99c91362f62a43be"
  name = "github.com/lestrrat-go/jwx"
  packages = [
    "internal/base64",
    "internal/blackmagic",
    "internal/ecutil",
    "internal/iter",
    "internal/json",
    "internal/keyconv",
    "internal/pool",
    "jwa",
    "jwk",
    "jws",
    "x25519",
  ]
  pruneopts = "UT"
  revision = "a7f076fc6eadb44380d41b5e30eb5a85a91de864"
  version = "v1.1.2"

[[projects]]
  digest = "1:c851472f62396dfa67377ba7f4ec891df79f4f49961fd9e7bc19a137335928e2"
  name = "github.com/lestrrat-go/option"
  packages = ["."]
  pruneopts = "UT"
  revision = "7e3467dce320ff45667b138ae503367c92deaa0b"
  version = "v1.0.0"

[[projects]]
  digest = "1:ddc2baca8941c5665935e02fccfe9b0ac0471431db85a950541da5a56b49d7cc"
  name = "github.com/okta/okta-jwt-verifier-golang"
  packages = [
    ".",
    "adaptors",
    "adaptors/lestrratGoJwx",
    "discovery",
    "discovery/oidc",
    "errors",
  ]
  pruneopts = "UT"
  revision = "fe3d1172ab6f0d122c0181fa5c630fe8e647878b"
  version = "v1.1.1"

[[projects]]
  digest = "1:808cdddf087fb64baeae67b8dfaee2069034d9704923a3cb8bd96a995421a625"
  name = "github.com/patrickmn/go-cache"
  packages = ["."]
  pruneopts = "UT"
  revision = "a3647f8e31d79543b2d0f0ae2fe5c379d72cedc0"
  version = "v2.1.0"

[[projects]]
  digest = "1:9e1d37b58d17113ec3cb5608ac0382313c5b59470b94ed97d0976e69c7022314"
  name = "github.com/pkg/errors"
  packages = ["."]
  pruneopts = "UT"
  revision = "614d223910a179a466c1767a985424175c39b465"
  version = "v0.9.1"

[[projects]]
  digest = "1:77f0836045cdf43a3372c64cdd2f9c007e3681eb7ad2a1f53699499254c76000"
  name = "github.com/rs/cors"
  packages = ["."]
  pruneopts = "UT"
  revision = "64821dda5aedeb954fb2caf787f7a1030085ab34"
  version = "v1.8.0"

[[projects]]
  branch = "master"
  digest = "1:b1007c80993740dd71634171c5e37fd16e42d93e018df6890d4b38bb0e630ef6"
  name = "golang.org/x/crypto"
  packages = [
    "curve25519",
    "curve25519/internal/field",
    "ed25519",
    "ed25519/internal/edwards25519",
  ]
  pruneopts = "UT"
  revision = "089bfa5675191fd96a44247682f76ebca03d7916"

[solve-meta]
  analyzer-name = "dep"
  analyzer-version = 1
  input-imports = [
    "github.com/globalsign/mgo",
    "github.com/globalsign/mgo/bson",
    "github.com/julienschmidt/httprouter",
    "github.com/okta/okta-jwt-verifier-golang",
    "github.com/rs/cors",
  ]
  solver-name = "gps-cdcl"
  solver-version = 1
